
Microsoft Visual Studio Solution File, Format Version 12.00
# Visual Studio Version 16
VisualStudioVersion = 16.0.31613.86
MinimumVisualStudioVersion = 10.0.40219.1
Project("{9A19103F-16F7-4668-BE54-9A1E7A4F7556}") = "api_azure.common", "api_azure.common\api_azure.common.csproj", "{B0740BE5-8968-492C-AAD6-56CF6CEA59F4}"
EndProject
Project("{9A19103F-16F7-4668-BE54-9A1E7A4F7556}") = "api_azure.functions", "api_azure.functions\api_azure.functions.csproj", "{38A65D07-B712-493E-8FEE-1A08CAE549EE}"
EndProject
Project("{9A19103F-16F7-4668-BE54-9A1E7A4F7556}") = "api_azure.test", "api_azure.test\api_azure.test.csproj", "{016C1B86-2920-416D-9631-60CE11EBBDBC}"
EndProject
Global
	GlobalSection(SolutionConfigurationPlatforms) = preSolution
		Debug|Any CPU = Debug|Any CPU
		Release|Any CPU = Release|Any CPU
	EndGlobalSection
	GlobalSection(ProjectConfigurationPlatforms) = postSolution
		{B0740BE5-8968-492C-AAD6-56CF6CEA59F4}.Debug|Any CPU.ActiveCfg = Debug|Any CPU
		{B0740BE5-8968-492C-AAD6-56CF6CEA59F4}.Debug|Any CPU.Build.0 = Debug|Any CPU
		{B0740BE5-8968-492C-AAD6-56CF6CEA59F4}.Release|Any CPU.ActiveCfg = Release|Any CPU
		{B0740BE5-8968-492C-AAD6-56CF6CEA59F4}.Release|Any CPU.Build.0 = Release|Any CPU
		{38A65D07-B712-493E-8FEE-1A08CAE549EE}.Debug|Any CPU.ActiveCfg = Debug|Any CPU
		{38A65D07-B712-493E-8FEE-1A08CAE549EE}.Debug|Any CPU.Build.0 = Debug|Any CPU
		{38A65D07-B712-493E-8FEE-1A08CAE549EE}.Release|Any CPU.ActiveCfg = Release|Any CPU
		{38A65D07-B712-493E-8FEE-1A08CAE549EE}.Release|Any CPU.Build.0 = Release|Any CPU
		{016C1B86-2920-416D-9631-60CE11EBBDBC}.Debug|Any CPU.ActiveCfg = Debug|Any CPU
		{016C1B86-2920-416D-9631-60CE11EBBDBC}.Debug|Any CPU.Build.0 = Debug|Any CPU
		{016C1B86-2920-416D-9631-60CE11EBBDBC}.Release|Any CPU.ActiveCfg = Release|Any CPU
		{016C1B86-2920-416D-9631-60CE11EBBDBC}.Release|Any CPU.Build.0 = Release|Any CPU
	EndGlobalSection
	GlobalSection(SolutionProperties) = preSolution
		HideSolutionNode = FALSE
	EndGlobalSection
	GlobalSection(ExtensibilityGlobals) = postSolution
		SolutionGuid = {BEB35501-C904-4105-A643-743FFAA52E21}
	EndGlobalSection
EndGlobal
